
Microsoft Visual Studio Solution File, Format Version 12.00
# Visual Studio 15
VisualStudioVersion = 15.0.28010.2050
MinimumVisualStudioVersion = 10.0.40219.1
Project("{9A19103F-16F7-4668-BE54-9A1E7A4F7556}") = "EBikesShop.Server", "EBikesShop.Server\EBikesShop.Server.csproj", "{45E08C7B-6F87-4F5C-B59C-D0B405A5A021}"
EndProject
Project("{9A19103F-16F7-4668-BE54-9A1E7A4F7556}") = "EBikesShop.Ui.Web", "EBikesShop.Ui.Web\EBikesShop.Ui.Web.csproj", "{751D1534-5A73-48BA-949F-05A08E34D8C7}"
EndProject
Project("{9A19103F-16F7-4668-BE54-9A1E7A4F7556}") = "EBikesShop.Shared", "EBikesShop.Shared\EBikesShop.Shared.csproj", "{01FD4153-8EA7-459C-A871-CC5E1FDB3741}"
EndProject
Project("{2150E333-8FDC-42A3-9474-1A3956D46DE8}") = "Dockerfiles", "Dockerfiles", "{0A9F7F5D-C1B5-4D48-8C88-AC577C770C49}"
	ProjectSection(SolutionItems) = preProject
		build.dockerfile = build.dockerfile
		production.dockerfile = production.dockerfile
	EndProjectSection
EndProject
Project("{9A19103F-16F7-4668-BE54-9A1E7A4F7556}") = "EBikesShop.Ui.Web.Tests", "EBikesShop.Ui.Web.Tests\EBikesShop.Ui.Web.Tests.csproj", "{1244F8AB-8BEE-427D-94C6-16AD97C4FC91}"
EndProject
Project("{9A19103F-16F7-4668-BE54-9A1E7A4F7556}") = "EBikesShop.Ui.Web.Tests.Unit", "EBikesShop.Ui.Web.Tests.Unit\EBikesShop.Ui.Web.Tests.Unit.csproj", "{74918344-D469-400A-9D19-2B5C874C2821}"
EndProject
Project("{2150E333-8FDC-42A3-9474-1A3956D46DE8}") = "Solution Items", "Solution Items", "{DCED3F69-246D-4DE3-8155-D8B3A4029433}"
	ProjectSection(SolutionItems) = preProject
		azure-pipelines.yml = azure-pipelines.yml
		README.md = README.md
	EndProjectSection
EndProject
Global
	GlobalSection(SolutionConfigurationPlatforms) = preSolution
		Debug|Any CPU = Debug|Any CPU
		Release|Any CPU = Release|Any CPU
	EndGlobalSection
	GlobalSection(ProjectConfigurationPlatforms) = postSolution
		{45E08C7B-6F87-4F5C-B59C-D0B405A5A021}.Debug|Any CPU.ActiveCfg = Debug|Any CPU
		{45E08C7B-6F87-4F5C-B59C-D0B405A5A021}.Debug|Any CPU.Build.0 = Debug|Any CPU
		{45E08C7B-6F87-4F5C-B59C-D0B405A5A021}.Release|Any CPU.ActiveCfg = Release|Any CPU
		{45E08C7B-6F87-4F5C-B59C-D0B405A5A021}.Release|Any CPU.Build.0 = Release|Any CPU
		{751D1534-5A73-48BA-949F-05A08E34D8C7}.Debug|Any CPU.ActiveCfg = Debug|Any CPU
		{751D1534-5A73-48BA-949F-05A08E34D8C7}.Debug|Any CPU.Build.0 = Debug|Any CPU
		{751D1534-5A73-48BA-949F-05A08E34D8C7}.Release|Any CPU.ActiveCfg = Release|Any CPU
		{751D1534-5A73-48BA-949F-05A08E34D8C7}.Release|Any CPU.Build.0 = Release|Any CPU
		{01FD4153-8EA7-459C-A871-CC5E1FDB3741}.Debug|Any CPU.ActiveCfg = Debug|Any CPU
		{01FD4153-8EA7-459C-A871-CC5E1FDB3741}.Debug|Any CPU.Build.0 = Debug|Any CPU
		{01FD4153-8EA7-459C-A871-CC5E1FDB3741}.Release|Any CPU.ActiveCfg = Release|Any CPU
		{01FD4153-8EA7-459C-A871-CC5E1FDB3741}.Release|Any CPU.Build.0 = Release|Any CPU
		{1244F8AB-8BEE-427D-94C6-16AD97C4FC91}.Debug|Any CPU.ActiveCfg = Debug|Any CPU
		{1244F8AB-8BEE-427D-94C6-16AD97C4FC91}.Debug|Any CPU.Build.0 = Debug|Any CPU
		{1244F8AB-8BEE-427D-94C6-16AD97C4FC91}.Release|Any CPU.ActiveCfg = Release|Any CPU
		{1244F8AB-8BEE-427D-94C6-16AD97C4FC91}.Release|Any CPU.Build.0 = Release|Any CPU
		{74918344-D469-400A-9D19-2B5C874C2821}.Debug|Any CPU.ActiveCfg = Debug|Any CPU
		{74918344-D469-400A-9D19-2B5C874C2821}.Debug|Any CPU.Build.0 = Debug|Any CPU
		{74918344-D469-400A-9D19-2B5C874C2821}.Release|Any CPU.ActiveCfg = Release|Any CPU
		{74918344-D469-400A-9D19-2B5C874C2821}.Release|Any CPU.Build.0 = Release|Any CPU
	EndGlobalSection
	GlobalSection(SolutionProperties) = preSolution
		HideSolutionNode = FALSE
	EndGlobalSection
	GlobalSection(ExtensibilityGlobals) = postSolution
		SolutionGuid = {B6C93C20-6217-46E0-951B-37DD26482830}
	EndGlobalSection
EndGlobal
