
Microsoft Visual Studio Solution File, Format Version 12.00
# Visual Studio 15
VisualStudioVersion = 15.0.28010.2036
MinimumVisualStudioVersion = 10.0.40219.1
Project("{9A19103F-16F7-4668-BE54-9A1E7A4F7556}") = "EBikesShop.Ui.Web", "EBikesShop.Ui.Web\EBikesShop.Ui.Web.csproj", "{1AD8212E-2CBD-468A-A0CD-EC97C6962984}"
EndProject
Project("{9A19103F-16F7-4668-BE54-9A1E7A4F7556}") = "EBikesShop.Ui.Web.Tests", "EBikesShop.Ui.Web.Tests\EBikesShop.Ui.Web.Tests.csproj", "{A463AB63-AF3E-48BE-B0AC-F94D89493BE2}"
EndProject
Project("{9A19103F-16F7-4668-BE54-9A1E7A4F7556}") = "EBikesShop.Shared", "EBikesShop.Shared\EBikesShop.Shared.csproj", "{1DC1584F-3C04-4F3D-BBBF-07BB70C44949}"
EndProject
Global
	GlobalSection(SolutionConfigurationPlatforms) = preSolution
		Debug|Any CPU = Debug|Any CPU
		Release|Any CPU = Release|Any CPU
	EndGlobalSection
	GlobalSection(ProjectConfigurationPlatforms) = postSolution
		{1AD8212E-2CBD-468A-A0CD-EC97C6962984}.Debug|Any CPU.ActiveCfg = Debug|Any CPU
		{1AD8212E-2CBD-468A-A0CD-EC97C6962984}.Debug|Any CPU.Build.0 = Debug|Any CPU
		{1AD8212E-2CBD-468A-A0CD-EC97C6962984}.Release|Any CPU.ActiveCfg = Release|Any CPU
		{1AD8212E-2CBD-468A-A0CD-EC97C6962984}.Release|Any CPU.Build.0 = Release|Any CPU
		{A463AB63-AF3E-48BE-B0AC-F94D89493BE2}.Debug|Any CPU.ActiveCfg = Debug|Any CPU
		{A463AB63-AF3E-48BE-B0AC-F94D89493BE2}.Debug|Any CPU.Build.0 = Debug|Any CPU
		{A463AB63-AF3E-48BE-B0AC-F94D89493BE2}.Release|Any CPU.ActiveCfg = Release|Any CPU
		{A463AB63-AF3E-48BE-B0AC-F94D89493BE2}.Release|Any CPU.Build.0 = Release|Any CPU
		{1DC1584F-3C04-4F3D-BBBF-07BB70C44949}.Debug|Any CPU.ActiveCfg = Debug|Any CPU
		{1DC1584F-3C04-4F3D-BBBF-07BB70C44949}.Debug|Any CPU.Build.0 = Debug|Any CPU
		{1DC1584F-3C04-4F3D-BBBF-07BB70C44949}.Release|Any CPU.ActiveCfg = Release|Any CPU
		{1DC1584F-3C04-4F3D-BBBF-07BB70C44949}.Release|Any CPU.Build.0 = Release|Any CPU
	EndGlobalSection
	GlobalSection(SolutionProperties) = preSolution
		HideSolutionNode = FALSE
	EndGlobalSection
	GlobalSection(ExtensibilityGlobals) = postSolution
		SolutionGuid = {0EF85DE5-2A4B-4DE5-8510-C1B42BD0B014}
	EndGlobalSection
EndGlobal
